// !$*UTF8*$!
{
	archiveVersion = 1;
	classes = {
	};
	objectVersion = 56;
	objects = {

/* Begin PBXBuildFile section */
		060121D72AAC46D200E3F9FE /* Record.swift in Sources */ = {isa = PBXBuildFile; fileRef = 060121D62AAC46D200E3F9FE /* Record.swift */; };
		060121D92AAC46DE00E3F9FE /* Category.swift in Sources */ = {isa = PBXBuildFile; fileRef = 060121D82AAC46DE00E3F9FE /* Category.swift */; };
		060121DB2AAC46F000E3F9FE /* DBManager.swift in Sources */ = {isa = PBXBuildFile; fileRef = 060121DA2AAC46F000E3F9FE /* DBManager.swift */; };
		061801102AC233BC00DB19EB /* UIViewControllerExtension.swift in Sources */ = {isa = PBXBuildFile; fileRef = 0618010F2AC233BC00DB19EB /* UIViewControllerExtension.swift */; };
		061801142AC237DA00DB19EB /* UIViewExtension.swift in Sources */ = {isa = PBXBuildFile; fileRef = 061801132AC237DA00DB19EB /* UIViewExtension.swift */; };
		061801162AC23BF800DB19EB /* IncomeViewController+Router.swift in Sources */ = {isa = PBXBuildFile; fileRef = 061801152AC23BF800DB19EB /* IncomeViewController+Router.swift */; };
		061801182AC23C5B00DB19EB /* ExpenseViewController+Router.swift in Sources */ = {isa = PBXBuildFile; fileRef = 061801172AC23C5B00DB19EB /* ExpenseViewController+Router.swift */; };
		0618011A2AC23E6100DB19EB /* CategoryViewController+Router.swift in Sources */ = {isa = PBXBuildFile; fileRef = 061801192AC23E6100DB19EB /* CategoryViewController+Router.swift */; };
		06282F562AAA3571007968AA /* SavingViewController.swift in Sources */ = {isa = PBXBuildFile; fileRef = 06282F552AAA3571007968AA /* SavingViewController.swift */; };
		062C39102AC4FE5A0049F953 /* HomeViewController+Notification.swift in Sources */ = {isa = PBXBuildFile; fileRef = 062C390F2AC4FE5A0049F953 /* HomeViewController+Notification.swift */; };
		062C39122AC70DEA0049F953 /* NotificationManager.swift in Sources */ = {isa = PBXBuildFile; fileRef = 062C39112AC70DEA0049F953 /* NotificationManager.swift */; };
		064E9A672AAB536C0044C9CB /* IncomeViewController.swift in Sources */ = {isa = PBXBuildFile; fileRef = 064E9A662AAB536C0044C9CB /* IncomeViewController.swift */; };
		064E9A722AAB75590044C9CB /* SQLTable.swift in Sources */ = {isa = PBXBuildFile; fileRef = 064E9A6D2AAB75590044C9CB /* SQLTable.swift */; };
		064E9A732AAB75590044C9CB /* SQLiteBase.swift in Sources */ = {isa = PBXBuildFile; fileRef = 064E9A6E2AAB75590044C9CB /* SQLiteBase.swift */; };
		064E9A742AAB75590044C9CB /* SQLiteDB.swift in Sources */ = {isa = PBXBuildFile; fileRef = 064E9A6F2AAB75590044C9CB /* SQLiteDB.swift */; };
		064E9A752AAB75590044C9CB /* CloudDB.swift in Sources */ = {isa = PBXBuildFile; fileRef = 064E9A702AAB75590044C9CB /* CloudDB.swift */; };
		064E9A792AAB88E90044C9CB /* libsqlite3.tbd in Frameworks */ = {isa = PBXBuildFile; fileRef = 064E9A772AAB88E90044C9CB /* libsqlite3.tbd */; };
		064E9A7A2AAB88E90044C9CB /* libsqlite3.0.tbd in Frameworks */ = {isa = PBXBuildFile; fileRef = 064E9A782AAB88E90044C9CB /* libsqlite3.0.tbd */; };
		065C9DEF2AAC51EC001822FF /* RecordType.swift in Sources */ = {isa = PBXBuildFile; fileRef = 065C9DEE2AAC51EC001822FF /* RecordType.swift */; };
		065C9DF32AAC5A44001822FF /* Tracker.swift in Sources */ = {isa = PBXBuildFile; fileRef = 065C9DF22AAC5A44001822FF /* Tracker.swift */; };
		065C9DF62AAC6DE7001822FF /* StringExtension.swift in Sources */ = {isa = PBXBuildFile; fileRef = 065C9DF52AAC6DE7001822FF /* StringExtension.swift */; };
		065C9E002AAC91CF001822FF /* IncomeTableViewCell.swift in Sources */ = {isa = PBXBuildFile; fileRef = 065C9DFF2AAC91CF001822FF /* IncomeTableViewCell.swift */; };
		065C9E022AAC9E63001822FF /* IncomeViewController+TableView.swift in Sources */ = {isa = PBXBuildFile; fileRef = 065C9E012AAC9E63001822FF /* IncomeViewController+TableView.swift */; };
		065C9E042AACAD18001822FF /* DetailViewController+Router.swift in Sources */ = {isa = PBXBuildFile; fileRef = 065C9E032AACAD18001822FF /* DetailViewController+Router.swift */; };
		065C9E062AACAE95001822FF /* ExpenseViewController.swift in Sources */ = {isa = PBXBuildFile; fileRef = 065C9E052AACAE95001822FF /* ExpenseViewController.swift */; };
		065C9E082AACAECB001822FF /* CategoryViewController.swift in Sources */ = {isa = PBXBuildFile; fileRef = 065C9E072AACAECB001822FF /* CategoryViewController.swift */; };
		06633BE72AADCA280072A026 /* ExpenseViewController+TableView.swift in Sources */ = {isa = PBXBuildFile; fileRef = 06633BE62AADCA280072A026 /* ExpenseViewController+TableView.swift */; };
		06633BE92AADCA3C0072A026 /* ExpenseTableViewCell.swift in Sources */ = {isa = PBXBuildFile; fileRef = 06633BE82AADCA3C0072A026 /* ExpenseTableViewCell.swift */; };
		06633BEB2AADD1A00072A026 /* CategoryViewController+TableView.swift in Sources */ = {isa = PBXBuildFile; fileRef = 06633BEA2AADD1A00072A026 /* CategoryViewController+TableView.swift */; };
		06701FC42AC49BBE00CC2A76 /* money_tracker.db in Resources */ = {isa = PBXBuildFile; fileRef = 06701FC32AC49BBE00CC2A76 /* money_tracker.db */; };
		06747BD42AB4B89B00C0F686 /* HomeViewController+PickerView.swift in Sources */ = {isa = PBXBuildFile; fileRef = 06747BD32AB4B89B00C0F686 /* HomeViewController+PickerView.swift */; };
		06835D942AB0AF520011BD43 /* CreateRecordTableViewController.swift in Sources */ = {isa = PBXBuildFile; fileRef = 06835D932AB0AF520011BD43 /* CreateRecordTableViewController.swift */; };
		06835D962AB0B4530011BD43 /* CreateRecordTableViewController+PickerView.swift in Sources */ = {isa = PBXBuildFile; fileRef = 06835D952AB0B4530011BD43 /* CreateRecordTableViewController+PickerView.swift */; };
		06835D982AB0B46E0011BD43 /* CreateRecordTableViewController+TextField.swift in Sources */ = {isa = PBXBuildFile; fileRef = 06835D972AB0B46E0011BD43 /* CreateRecordTableViewController+TextField.swift */; };
		068CFC122AB6BD66006095C1 /* UpdateTableViewProtocol.swift in Sources */ = {isa = PBXBuildFile; fileRef = 068CFC112AB6BD66006095C1 /* UpdateTableViewProtocol.swift */; };
		06925F742ACD87E900681E11 /* CreateRecordTableViewController+TextView.swift in Sources */ = {isa = PBXBuildFile; fileRef = 06925F732ACD87E900681E11 /* CreateRecordTableViewController+TextView.swift */; };
		0698307F2AB4959D00C99F25 /* HomeViewController.swift in Sources */ = {isa = PBXBuildFile; fileRef = 0698307E2AB4959D00C99F25 /* HomeViewController.swift */; };
		06B1D7E32AADEA120041BE21 /* SavingViewController+TableView.swift in Sources */ = {isa = PBXBuildFile; fileRef = 06B1D7E22AADEA120041BE21 /* SavingViewController+TableView.swift */; };
		06B1D7E52AADEA240041BE21 /* SavingTableViewCell.swift in Sources */ = {isa = PBXBuildFile; fileRef = 06B1D7E42AADEA240041BE21 /* SavingTableViewCell.swift */; };
		06CA4B0C2AA8B06D006CA639 /* AppDelegate.swift in Sources */ = {isa = PBXBuildFile; fileRef = 06CA4B0B2AA8B06D006CA639 /* AppDelegate.swift */; };
		06CA4B0E2AA8B06D006CA639 /* SceneDelegate.swift in Sources */ = {isa = PBXBuildFile; fileRef = 06CA4B0D2AA8B06D006CA639 /* SceneDelegate.swift */; };
		06CA4B102AA8B06D006CA639 /* DetailViewController.swift in Sources */ = {isa = PBXBuildFile; fileRef = 06CA4B0F2AA8B06D006CA639 /* DetailViewController.swift */; };
		06CA4B132AA8B06D006CA639 /* Main.storyboard in Resources */ = {isa = PBXBuildFile; fileRef = 06CA4B112AA8B06D006CA639 /* Main.storyboard */; };
		06CA4B152AA8B06F006CA639 /* Assets.xcassets in Resources */ = {isa = PBXBuildFile; fileRef = 06CA4B142AA8B06F006CA639 /* Assets.xcassets */; };
		06CA4B182AA8B06F006CA639 /* LaunchScreen.storyboard in Resources */ = {isa = PBXBuildFile; fileRef = 06CA4B162AA8B06F006CA639 /* LaunchScreen.storyboard */; };
		06CDA1B72AD0E427007C4F19 /* UITextFieldExtension.swift in Sources */ = {isa = PBXBuildFile; fileRef = 06CDA1B62AD0E427007C4F19 /* UITextFieldExtension.swift */; };
		06CF8D632AB3318B002A1910 /* CreateCategoryTableViewController.swift in Sources */ = {isa = PBXBuildFile; fileRef = 06CF8D622AB3318B002A1910 /* CreateCategoryTableViewController.swift */; };
		06CF8D652AB36299002A1910 /* CreateCategoryTableViewController+TextField.swift in Sources */ = {isa = PBXBuildFile; fileRef = 06CF8D642AB36299002A1910 /* CreateCategoryTableViewController+TextField.swift */; };
		06E55BBF2AB136D900E793A3 /* DateExtension.swift in Sources */ = {isa = PBXBuildFile; fileRef = 06E55BBE2AB136D900E793A3 /* DateExtension.swift */; };
		06F2E9C72AB5368600401DE7 /* HomeViewController+TextField.swift in Sources */ = {isa = PBXBuildFile; fileRef = 06F2E9C62AB5368600401DE7 /* HomeViewController+TextField.swift */; };
/* End PBXBuildFile section */

/* Begin PBXFileReference section */
		060121D62AAC46D200E3F9FE /* Record.swift */ = {isa = PBXFileReference; lastKnownFileType = sourcecode.swift; path = Record.swift; sourceTree = "<group>"; };
		060121D82AAC46DE00E3F9FE /* Category.swift */ = {isa = PBXFileReference; lastKnownFileType = sourcecode.swift; path = Category.swift; sourceTree = "<group>"; };
		060121DA2AAC46F000E3F9FE /* DBManager.swift */ = {isa = PBXFileReference; lastKnownFileType = sourcecode.swift; path = DBManager.swift; sourceTree = "<group>"; };
		0618010F2AC233BC00DB19EB /* UIViewControllerExtension.swift */ = {isa = PBXFileReference; lastKnownFileType = sourcecode.swift; path = UIViewControllerExtension.swift; sourceTree = "<group>"; };
		061801132AC237DA00DB19EB /* UIViewExtension.swift */ = {isa = PBXFileReference; lastKnownFileType = sourcecode.swift; path = UIViewExtension.swift; sourceTree = "<group>"; };
		061801152AC23BF800DB19EB /* IncomeViewController+Router.swift */ = {isa = PBXFileReference; lastKnownFileType = sourcecode.swift; path = "IncomeViewController+Router.swift"; sourceTree = "<group>"; };
		061801172AC23C5B00DB19EB /* ExpenseViewController+Router.swift */ = {isa = PBXFileReference; lastKnownFileType = sourcecode.swift; path = "ExpenseViewController+Router.swift"; sourceTree = "<group>"; };
		061801192AC23E6100DB19EB /* CategoryViewController+Router.swift */ = {isa = PBXFileReference; lastKnownFileType = sourcecode.swift; path = "CategoryViewController+Router.swift"; sourceTree = "<group>"; };
		06282F552AAA3571007968AA /* SavingViewController.swift */ = {isa = PBXFileReference; lastKnownFileType = sourcecode.swift; path = SavingViewController.swift; sourceTree = "<group>"; };
		062C390F2AC4FE5A0049F953 /* HomeViewController+Notification.swift */ = {isa = PBXFileReference; lastKnownFileType = sourcecode.swift; path = "HomeViewController+Notification.swift"; sourceTree = "<group>"; };
		062C39112AC70DEA0049F953 /* NotificationManager.swift */ = {isa = PBXFileReference; lastKnownFileType = sourcecode.swift; path = NotificationManager.swift; sourceTree = "<group>"; };
		064E9A662AAB536C0044C9CB /* IncomeViewController.swift */ = {isa = PBXFileReference; lastKnownFileType = sourcecode.swift; path = IncomeViewController.swift; sourceTree = "<group>"; };
		064E9A6D2AAB75590044C9CB /* SQLTable.swift */ = {isa = PBXFileReference; fileEncoding = 4; lastKnownFileType = sourcecode.swift; path = SQLTable.swift; sourceTree = "<group>"; };
		064E9A6E2AAB75590044C9CB /* SQLiteBase.swift */ = {isa = PBXFileReference; fileEncoding = 4; lastKnownFileType = sourcecode.swift; path = SQLiteBase.swift; sourceTree = "<group>"; };
		064E9A6F2AAB75590044C9CB /* SQLiteDB.swift */ = {isa = PBXFileReference; fileEncoding = 4; lastKnownFileType = sourcecode.swift; path = SQLiteDB.swift; sourceTree = "<group>"; };
		064E9A702AAB75590044C9CB /* CloudDB.swift */ = {isa = PBXFileReference; fileEncoding = 4; lastKnownFileType = sourcecode.swift; path = CloudDB.swift; sourceTree = "<group>"; };
		064E9A712AAB75590044C9CB /* bridge.h */ = {isa = PBXFileReference; fileEncoding = 4; lastKnownFileType = sourcecode.c.h; path = bridge.h; sourceTree = "<group>"; };
		064E9A772AAB88E90044C9CB /* libsqlite3.tbd */ = {isa = PBXFileReference; lastKnownFileType = "sourcecode.text-based-dylib-definition"; name = libsqlite3.tbd; path = usr/lib/libsqlite3.tbd; sourceTree = SDKROOT; };
		064E9A782AAB88E90044C9CB /* libsqlite3.0.tbd */ = {isa = PBXFileReference; lastKnownFileType = "sourcecode.text-based-dylib-definition"; name = libsqlite3.0.tbd; path = usr/lib/libsqlite3.0.tbd; sourceTree = SDKROOT; };
		065C9DEE2AAC51EC001822FF /* RecordType.swift */ = {isa = PBXFileReference; lastKnownFileType = sourcecode.swift; path = RecordType.swift; sourceTree = "<group>"; };
		065C9DF22AAC5A44001822FF /* Tracker.swift */ = {isa = PBXFileReference; lastKnownFileType = sourcecode.swift; path = Tracker.swift; sourceTree = "<group>"; };
		065C9DF52AAC6DE7001822FF /* StringExtension.swift */ = {isa = PBXFileReference; lastKnownFileType = sourcecode.swift; path = StringExtension.swift; sourceTree = "<group>"; };
		065C9DFF2AAC91CF001822FF /* IncomeTableViewCell.swift */ = {isa = PBXFileReference; lastKnownFileType = sourcecode.swift; path = IncomeTableViewCell.swift; sourceTree = "<group>"; };
		065C9E012AAC9E63001822FF /* IncomeViewController+TableView.swift */ = {isa = PBXFileReference; lastKnownFileType = sourcecode.swift; path = "IncomeViewController+TableView.swift"; sourceTree = "<group>"; };
		065C9E032AACAD18001822FF /* DetailViewController+Router.swift */ = {isa = PBXFileReference; lastKnownFileType = sourcecode.swift; path = "DetailViewController+Router.swift"; sourceTree = "<group>"; };
		065C9E052AACAE95001822FF /* ExpenseViewController.swift */ = {isa = PBXFileReference; lastKnownFileType = sourcecode.swift; path = ExpenseViewController.swift; sourceTree = "<group>"; };
		065C9E072AACAECB001822FF /* CategoryViewController.swift */ = {isa = PBXFileReference; lastKnownFileType = sourcecode.swift; path = CategoryViewController.swift; sourceTree = "<group>"; };
		06633BE62AADCA280072A026 /* ExpenseViewController+TableView.swift */ = {isa = PBXFileReference; lastKnownFileType = sourcecode.swift; path = "ExpenseViewController+TableView.swift"; sourceTree = "<group>"; };
		06633BE82AADCA3C0072A026 /* ExpenseTableViewCell.swift */ = {isa = PBXFileReference; lastKnownFileType = sourcecode.swift; path = ExpenseTableViewCell.swift; sourceTree = "<group>"; };
		06633BEA2AADD1A00072A026 /* CategoryViewController+TableView.swift */ = {isa = PBXFileReference; lastKnownFileType = sourcecode.swift; path = "CategoryViewController+TableView.swift"; sourceTree = "<group>"; };
		06701FC32AC49BBE00CC2A76 /* money_tracker.db */ = {isa = PBXFileReference; lastKnownFileType = file; path = money_tracker.db; sourceTree = "<group>"; };
		06747BD32AB4B89B00C0F686 /* HomeViewController+PickerView.swift */ = {isa = PBXFileReference; lastKnownFileType = sourcecode.swift; path = "HomeViewController+PickerView.swift"; sourceTree = "<group>"; };
		06835D932AB0AF520011BD43 /* CreateRecordTableViewController.swift */ = {isa = PBXFileReference; lastKnownFileType = sourcecode.swift; path = CreateRecordTableViewController.swift; sourceTree = "<group>"; };
		06835D952AB0B4530011BD43 /* CreateRecordTableViewController+PickerView.swift */ = {isa = PBXFileReference; lastKnownFileType = sourcecode.swift; path = "CreateRecordTableViewController+PickerView.swift"; sourceTree = "<group>"; };
		06835D972AB0B46E0011BD43 /* CreateRecordTableViewController+TextField.swift */ = {isa = PBXFileReference; lastKnownFileType = sourcecode.swift; path = "CreateRecordTableViewController+TextField.swift"; sourceTree = "<group>"; };
		068CFC112AB6BD66006095C1 /* UpdateTableViewProtocol.swift */ = {isa = PBXFileReference; lastKnownFileType = sourcecode.swift; path = UpdateTableViewProtocol.swift; sourceTree = "<group>"; };
		06925F732ACD87E900681E11 /* CreateRecordTableViewController+TextView.swift */ = {isa = PBXFileReference; lastKnownFileType = sourcecode.swift; path = "CreateRecordTableViewController+TextView.swift"; sourceTree = "<group>"; };
		0698307E2AB4959D00C99F25 /* HomeViewController.swift */ = {isa = PBXFileReference; lastKnownFileType = sourcecode.swift; path = HomeViewController.swift; sourceTree = "<group>"; };
		06B1D7E22AADEA120041BE21 /* SavingViewController+TableView.swift */ = {isa = PBXFileReference; lastKnownFileType = sourcecode.swift; path = "SavingViewController+TableView.swift"; sourceTree = "<group>"; };
		06B1D7E42AADEA240041BE21 /* SavingTableViewCell.swift */ = {isa = PBXFileReference; lastKnownFileType = sourcecode.swift; path = SavingTableViewCell.swift; sourceTree = "<group>"; };
		06CA4B082AA8B06D006CA639 /* savingtracker.app */ = {isa = PBXFileReference; explicitFileType = wrapper.application; includeInIndex = 0; path = savingtracker.app; sourceTree = BUILT_PRODUCTS_DIR; };
		06CA4B0B2AA8B06D006CA639 /* AppDelegate.swift */ = {isa = PBXFileReference; lastKnownFileType = sourcecode.swift; path = AppDelegate.swift; sourceTree = "<group>"; };
		06CA4B0D2AA8B06D006CA639 /* SceneDelegate.swift */ = {isa = PBXFileReference; lastKnownFileType = sourcecode.swift; path = SceneDelegate.swift; sourceTree = "<group>"; };
		06CA4B0F2AA8B06D006CA639 /* DetailViewController.swift */ = {isa = PBXFileReference; lastKnownFileType = sourcecode.swift; path = DetailViewController.swift; sourceTree = "<group>"; };
		06CA4B122AA8B06D006CA639 /* Base */ = {isa = PBXFileReference; lastKnownFileType = file.storyboard; name = Base; path = Base.lproj/Main.storyboard; sourceTree = "<group>"; };
		06CA4B142AA8B06F006CA639 /* Assets.xcassets */ = {isa = PBXFileReference; lastKnownFileType = folder.assetcatalog; path = Assets.xcassets; sourceTree = "<group>"; };
		06CA4B172AA8B06F006CA639 /* Base */ = {isa = PBXFileReference; lastKnownFileType = file.storyboard; name = Base; path = Base.lproj/LaunchScreen.storyboard; sourceTree = "<group>"; };
		06CA4B192AA8B06F006CA639 /* Info.plist */ = {isa = PBXFileReference; lastKnownFileType = text.plist.xml; path = Info.plist; sourceTree = "<group>"; };
		06CDA1B62AD0E427007C4F19 /* UITextFieldExtension.swift */ = {isa = PBXFileReference; lastKnownFileType = sourcecode.swift; path = UITextFieldExtension.swift; sourceTree = "<group>"; };
		06CF8D622AB3318B002A1910 /* CreateCategoryTableViewController.swift */ = {isa = PBXFileReference; lastKnownFileType = sourcecode.swift; path = CreateCategoryTableViewController.swift; sourceTree = "<group>"; };
		06CF8D642AB36299002A1910 /* CreateCategoryTableViewController+TextField.swift */ = {isa = PBXFileReference; lastKnownFileType = sourcecode.swift; path = "CreateCategoryTableViewController+TextField.swift"; sourceTree = "<group>"; };
		06E55BBE2AB136D900E793A3 /* DateExtension.swift */ = {isa = PBXFileReference; lastKnownFileType = sourcecode.swift; path = DateExtension.swift; sourceTree = "<group>"; };
		06F2E9C62AB5368600401DE7 /* HomeViewController+TextField.swift */ = {isa = PBXFileReference; lastKnownFileType = sourcecode.swift; path = "HomeViewController+TextField.swift"; sourceTree = "<group>"; };
/* End PBXFileReference section */

/* Begin PBXFrameworksBuildPhase section */
		06CA4B052AA8B06D006CA639 /* Frameworks */ = {
			isa = PBXFrameworksBuildPhase;
			buildActionMask = 2147483647;
			files = (
				064E9A792AAB88E90044C9CB /* libsqlite3.tbd in Frameworks */,
				064E9A7A2AAB88E90044C9CB /* libsqlite3.0.tbd in Frameworks */,
			);
			runOnlyForDeploymentPostprocessing = 0;
		};
/* End PBXFrameworksBuildPhase section */

/* Begin PBXGroup section */
		06282F572AAA36DF007968AA /* Controllers */ = {
			isa = PBXGroup;
			children = (
				0698307D2AB4958300C99F25 /* Home */,
				06CF8D612AB33142002A1910 /* CreateCategory */,
				06835D922AB0AF0A0011BD43 /* CreateRecord */,
				06A60DA42AAB475800A0E918 /* Detail */,
				06282F5B2AAA3742007968AA /* Categories */,
				06282F5A2AAA373D007968AA /* Expenses */,
				06282F592AAA3737007968AA /* Incomes */,
				06282F582AAA3732007968AA /* Savings */,
			);
			path = Controllers;
			sourceTree = "<group>";
		};
		06282F582AAA3732007968AA /* Savings */ = {
			isa = PBXGroup;
			children = (
				06282F552AAA3571007968AA /* SavingViewController.swift */,
				06B1D7E22AADEA120041BE21 /* SavingViewController+TableView.swift */,
				06B1D7E42AADEA240041BE21 /* SavingTableViewCell.swift */,
			);
			path = Savings;
			sourceTree = "<group>";
		};
		06282F592AAA3737007968AA /* Incomes */ = {
			isa = PBXGroup;
			children = (
				064E9A662AAB536C0044C9CB /* IncomeViewController.swift */,
				065C9E012AAC9E63001822FF /* IncomeViewController+TableView.swift */,
				065C9DFF2AAC91CF001822FF /* IncomeTableViewCell.swift */,
				061801152AC23BF800DB19EB /* IncomeViewController+Router.swift */,
			);
			path = Incomes;
			sourceTree = "<group>";
		};
		06282F5A2AAA373D007968AA /* Expenses */ = {
			isa = PBXGroup;
			children = (
				065C9E052AACAE95001822FF /* ExpenseViewController.swift */,
				06633BE62AADCA280072A026 /* ExpenseViewController+TableView.swift */,
				06633BE82AADCA3C0072A026 /* ExpenseTableViewCell.swift */,
				061801172AC23C5B00DB19EB /* ExpenseViewController+Router.swift */,
			);
			path = Expenses;
			sourceTree = "<group>";
		};
		06282F5B2AAA3742007968AA /* Categories */ = {
			isa = PBXGroup;
			children = (
				065C9E072AACAECB001822FF /* CategoryViewController.swift */,
				06633BEA2AADD1A00072A026 /* CategoryViewController+TableView.swift */,
				061801192AC23E6100DB19EB /* CategoryViewController+Router.swift */,
			);
			path = Categories;
			sourceTree = "<group>";
		};
		064E9A6A2AAB5D0A0044C9CB /* Models */ = {
			isa = PBXGroup;
			children = (
				060121D62AAC46D200E3F9FE /* Record.swift */,
				065C9DEE2AAC51EC001822FF /* RecordType.swift */,
				060121D82AAC46DE00E3F9FE /* Category.swift */,
				065C9DF22AAC5A44001822FF /* Tracker.swift */,
				060121DA2AAC46F000E3F9FE /* DBManager.swift */,
				062C39112AC70DEA0049F953 /* NotificationManager.swift */,
			);
			path = Models;
			sourceTree = "<group>";
		};
		064E9A6B2AAB5D140044C9CB /* Resources */ = {
			isa = PBXGroup;
			children = (
				06701FC32AC49BBE00CC2A76 /* money_tracker.db */,
			);
			path = Resources;
			sourceTree = "<group>";
		};
		064E9A6C2AAB74170044C9CB /* Thirdparties */ = {
			isa = PBXGroup;
			children = (
				064E9A712AAB75590044C9CB /* bridge.h */,
				064E9A702AAB75590044C9CB /* CloudDB.swift */,
				064E9A6E2AAB75590044C9CB /* SQLiteBase.swift */,
				064E9A6F2AAB75590044C9CB /* SQLiteDB.swift */,
				064E9A6D2AAB75590044C9CB /* SQLTable.swift */,
			);
			path = Thirdparties;
			sourceTree = "<group>";
		};
		064E9A762AAB88E90044C9CB /* Frameworks */ = {
			isa = PBXGroup;
			children = (
				064E9A782AAB88E90044C9CB /* libsqlite3.0.tbd */,
				064E9A772AAB88E90044C9CB /* libsqlite3.tbd */,
			);
			name = Frameworks;
			sourceTree = "<group>";
		};
		065C9DF42AAC6DDA001822FF /* Extension */ = {
			isa = PBXGroup;
			children = (
				065C9DF52AAC6DE7001822FF /* StringExtension.swift */,
				06E55BBE2AB136D900E793A3 /* DateExtension.swift */,
				0618010F2AC233BC00DB19EB /* UIViewControllerExtension.swift */,
				061801132AC237DA00DB19EB /* UIViewExtension.swift */,
				06CDA1B62AD0E427007C4F19 /* UITextFieldExtension.swift */,
			);
			path = Extension;
			sourceTree = "<group>";
		};
		06835D922AB0AF0A0011BD43 /* CreateRecord */ = {
			isa = PBXGroup;
			children = (
				06835D932AB0AF520011BD43 /* CreateRecordTableViewController.swift */,
				06835D952AB0B4530011BD43 /* CreateRecordTableViewController+PickerView.swift */,
				06835D972AB0B46E0011BD43 /* CreateRecordTableViewController+TextField.swift */,
				06925F732ACD87E900681E11 /* CreateRecordTableViewController+TextView.swift */,
			);
			path = CreateRecord;
			sourceTree = "<group>";
		};
		068CFC102AB6BD4C006095C1 /* Protocol */ = {
			isa = PBXGroup;
			children = (
				068CFC112AB6BD66006095C1 /* UpdateTableViewProtocol.swift */,
			);
			path = Protocol;
			sourceTree = "<group>";
		};
		0698307D2AB4958300C99F25 /* Home */ = {
			isa = PBXGroup;
			children = (
				0698307E2AB4959D00C99F25 /* HomeViewController.swift */,
				06747BD32AB4B89B00C0F686 /* HomeViewController+PickerView.swift */,
				06F2E9C62AB5368600401DE7 /* HomeViewController+TextField.swift */,
				062C390F2AC4FE5A0049F953 /* HomeViewController+Notification.swift */,
			);
			path = Home;
			sourceTree = "<group>";
		};
		06A60DA42AAB475800A0E918 /* Detail */ = {
			isa = PBXGroup;
			children = (
				06CA4B0F2AA8B06D006CA639 /* DetailViewController.swift */,
				065C9E032AACAD18001822FF /* DetailViewController+Router.swift */,
			);
			path = Detail;
			sourceTree = "<group>";
		};
		06CA4AFF2AA8B06D006CA639 = {
			isa = PBXGroup;
			children = (
				06CA4B0A2AA8B06D006CA639 /* savingtracker */,
				06CA4B092AA8B06D006CA639 /* Products */,
				064E9A762AAB88E90044C9CB /* Frameworks */,
			);
			sourceTree = "<group>";
		};
		06CA4B092AA8B06D006CA639 /* Products */ = {
			isa = PBXGroup;
			children = (
				06CA4B082AA8B06D006CA639 /* savingtracker.app */,
			);
			name = Products;
			sourceTree = "<group>";
		};
		06CA4B0A2AA8B06D006CA639 /* savingtracker */ = {
			isa = PBXGroup;
			children = (
				068CFC102AB6BD4C006095C1 /* Protocol */,
				065C9DF42AAC6DDA001822FF /* Extension */,
				064E9A6C2AAB74170044C9CB /* Thirdparties */,
				064E9A6B2AAB5D140044C9CB /* Resources */,
				064E9A6A2AAB5D0A0044C9CB /* Models */,
				06282F572AAA36DF007968AA /* Controllers */,
				06CA4B0B2AA8B06D006CA639 /* AppDelegate.swift */,
				06CA4B0D2AA8B06D006CA639 /* SceneDelegate.swift */,
				06CA4B142AA8B06F006CA639 /* Assets.xcassets */,
				06CA4B112AA8B06D006CA639 /* Main.storyboard */,
				06CA4B162AA8B06F006CA639 /* LaunchScreen.storyboard */,
				06CA4B192AA8B06F006CA639 /* Info.plist */,
			);
			path = savingtracker;
			sourceTree = "<group>";
		};
		06CF8D612AB33142002A1910 /* CreateCategory */ = {
			isa = PBXGroup;
			children = (
				06CF8D622AB3318B002A1910 /* CreateCategoryTableViewController.swift */,
				06CF8D642AB36299002A1910 /* CreateCategoryTableViewController+TextField.swift */,
			);
			path = CreateCategory;
			sourceTree = "<group>";
		};
/* End PBXGroup section */

/* Begin PBXNativeTarget section */
		06CA4B072AA8B06D006CA639 /* savingtracker */ = {
			isa = PBXNativeTarget;
			buildConfigurationList = 06CA4B1C2AA8B06F006CA639 /* Build configuration list for PBXNativeTarget "savingtracker" */;
			buildPhases = (
				06CA4B042AA8B06D006CA639 /* Sources */,
				06CA4B052AA8B06D006CA639 /* Frameworks */,
				06CA4B062AA8B06D006CA639 /* Resources */,
			);
			buildRules = (
			);
			dependencies = (
			);
			name = savingtracker;
			productName = savingtracker;
			productReference = 06CA4B082AA8B06D006CA639 /* savingtracker.app */;
			productType = "com.apple.product-type.application";
		};
/* End PBXNativeTarget section */

/* Begin PBXProject section */
		06CA4B002AA8B06D006CA639 /* Project object */ = {
			isa = PBXProject;
			attributes = {
				BuildIndependentTargetsInParallel = 1;
				LastSwiftUpdateCheck = 1430;
				LastUpgradeCheck = 1500;
				TargetAttributes = {
					06CA4B072AA8B06D006CA639 = {
						CreatedOnToolsVersion = 14.3.1;
					};
				};
			};
			buildConfigurationList = 06CA4B032AA8B06D006CA639 /* Build configuration list for PBXProject "savingtracker" */;
			compatibilityVersion = "Xcode 14.0";
			developmentRegion = en;
			hasScannedForEncodings = 0;
			knownRegions = (
				en,
				Base,
			);
			mainGroup = 06CA4AFF2AA8B06D006CA639;
			productRefGroup = 06CA4B092AA8B06D006CA639 /* Products */;
			projectDirPath = "";
			projectRoot = "";
			targets = (
				06CA4B072AA8B06D006CA639 /* savingtracker */,
			);
		};
/* End PBXProject section */

/* Begin PBXResourcesBuildPhase section */
		06CA4B062AA8B06D006CA639 /* Resources */ = {
			isa = PBXResourcesBuildPhase;
			buildActionMask = 2147483647;
			files = (
				06CA4B182AA8B06F006CA639 /* LaunchScreen.storyboard in Resources */,
				06CA4B152AA8B06F006CA639 /* Assets.xcassets in Resources */,
				06CA4B132AA8B06D006CA639 /* Main.storyboard in Resources */,
				06701FC42AC49BBE00CC2A76 /* money_tracker.db in Resources */,
			);
			runOnlyForDeploymentPostprocessing = 0;
		};
/* End PBXResourcesBuildPhase section */

/* Begin PBXSourcesBuildPhase section */
		06CA4B042AA8B06D006CA639 /* Sources */ = {
			isa = PBXSourcesBuildPhase;
			buildActionMask = 2147483647;
			files = (
				06B1D7E52AADEA240041BE21 /* SavingTableViewCell.swift in Sources */,
				06835D982AB0B46E0011BD43 /* CreateRecordTableViewController+TextField.swift in Sources */,
				06F2E9C72AB5368600401DE7 /* HomeViewController+TextField.swift in Sources */,
				0618011A2AC23E6100DB19EB /* CategoryViewController+Router.swift in Sources */,
				06633BEB2AADD1A00072A026 /* CategoryViewController+TableView.swift in Sources */,
				06CDA1B72AD0E427007C4F19 /* UITextFieldExtension.swift in Sources */,
				061801102AC233BC00DB19EB /* UIViewControllerExtension.swift in Sources */,
				06633BE92AADCA3C0072A026 /* ExpenseTableViewCell.swift in Sources */,
				06747BD42AB4B89B00C0F686 /* HomeViewController+PickerView.swift in Sources */,
				06E55BBF2AB136D900E793A3 /* DateExtension.swift in Sources */,
				061801182AC23C5B00DB19EB /* ExpenseViewController+Router.swift in Sources */,
				06282F562AAA3571007968AA /* SavingViewController.swift in Sources */,
				061801142AC237DA00DB19EB /* UIViewExtension.swift in Sources */,
				06633BE72AADCA280072A026 /* ExpenseViewController+TableView.swift in Sources */,
				06835D942AB0AF520011BD43 /* CreateRecordTableViewController.swift in Sources */,
				064E9A722AAB75590044C9CB /* SQLTable.swift in Sources */,
				065C9E042AACAD18001822FF /* DetailViewController+Router.swift in Sources */,
				060121D72AAC46D200E3F9FE /* Record.swift in Sources */,
				060121DB2AAC46F000E3F9FE /* DBManager.swift in Sources */,
				062C39122AC70DEA0049F953 /* NotificationManager.swift in Sources */,
				065C9DF32AAC5A44001822FF /* Tracker.swift in Sources */,
				06B1D7E32AADEA120041BE21 /* SavingViewController+TableView.swift in Sources */,
				06CA4B102AA8B06D006CA639 /* DetailViewController.swift in Sources */,
				065C9DEF2AAC51EC001822FF /* RecordType.swift in Sources */,
				062C39102AC4FE5A0049F953 /* HomeViewController+Notification.swift in Sources */,
				065C9DF62AAC6DE7001822FF /* StringExtension.swift in Sources */,
				064E9A732AAB75590044C9CB /* SQLiteBase.swift in Sources */,
				064E9A672AAB536C0044C9CB /* IncomeViewController.swift in Sources */,
				06CA4B0C2AA8B06D006CA639 /* AppDelegate.swift in Sources */,
				064E9A742AAB75590044C9CB /* SQLiteDB.swift in Sources */,
				065C9E062AACAE95001822FF /* ExpenseViewController.swift in Sources */,
				060121D92AAC46DE00E3F9FE /* Category.swift in Sources */,
				06835D962AB0B4530011BD43 /* CreateRecordTableViewController+PickerView.swift in Sources */,
				06CF8D652AB36299002A1910 /* CreateCategoryTableViewController+TextField.swift in Sources */,
				065C9E022AAC9E63001822FF /* IncomeViewController+TableView.swift in Sources */,
				06CF8D632AB3318B002A1910 /* CreateCategoryTableViewController.swift in Sources */,
				065C9E002AAC91CF001822FF /* IncomeTableViewCell.swift in Sources */,
				0698307F2AB4959D00C99F25 /* HomeViewController.swift in Sources */,
				06CA4B0E2AA8B06D006CA639 /* SceneDelegate.swift in Sources */,
				061801162AC23BF800DB19EB /* IncomeViewController+Router.swift in Sources */,
				065C9E082AACAECB001822FF /* CategoryViewController.swift in Sources */,
				068CFC122AB6BD66006095C1 /* UpdateTableViewProtocol.swift in Sources */,
				06925F742ACD87E900681E11 /* CreateRecordTableViewController+TextView.swift in Sources */,
				064E9A752AAB75590044C9CB /* CloudDB.swift in Sources */,
			);
			runOnlyForDeploymentPostprocessing = 0;
		};
/* End PBXSourcesBuildPhase section */

/* Begin PBXVariantGroup section */
		06CA4B112AA8B06D006CA639 /* Main.storyboard */ = {
			isa = PBXVariantGroup;
			children = (
				06CA4B122AA8B06D006CA639 /* Base */,
			);
			name = Main.storyboard;
			sourceTree = "<group>";
		};
		06CA4B162AA8B06F006CA639 /* LaunchScreen.storyboard */ = {
			isa = PBXVariantGroup;
			children = (
				06CA4B172AA8B06F006CA639 /* Base */,
			);
			name = LaunchScreen.storyboard;
			sourceTree = "<group>";
		};
/* End PBXVariantGroup section */

/* Begin XCBuildConfiguration section */
		06CA4B1A2AA8B06F006CA639 /* Debug */ = {
			isa = XCBuildConfiguration;
			buildSettings = {
				ALWAYS_SEARCH_USER_PATHS = NO;
				CLANG_ANALYZER_NONNULL = YES;
				CLANG_ANALYZER_NUMBER_OBJECT_CONVERSION = YES_AGGRESSIVE;
				CLANG_CXX_LANGUAGE_STANDARD = "gnu++20";
				CLANG_ENABLE_MODULES = YES;
				CLANG_ENABLE_OBJC_ARC = YES;
				CLANG_ENABLE_OBJC_WEAK = YES;
				CLANG_WARN_BLOCK_CAPTURE_AUTORELEASING = YES;
				CLANG_WARN_BOOL_CONVERSION = YES;
				CLANG_WARN_COMMA = YES;
				CLANG_WARN_CONSTANT_CONVERSION = YES;
				CLANG_WARN_DEPRECATED_OBJC_IMPLEMENTATIONS = YES;
				CLANG_WARN_DIRECT_OBJC_ISA_USAGE = YES_ERROR;
				CLANG_WARN_DOCUMENTATION_COMMENTS = YES;
				CLANG_WARN_EMPTY_BODY = YES;
				CLANG_WARN_ENUM_CONVERSION = YES;
				CLANG_WARN_INFINITE_RECURSION = YES;
				CLANG_WARN_INT_CONVERSION = YES;
				CLANG_WARN_NON_LITERAL_NULL_CONVERSION = YES;
				CLANG_WARN_OBJC_IMPLICIT_RETAIN_SELF = YES;
				CLANG_WARN_OBJC_LITERAL_CONVERSION = YES;
				CLANG_WARN_OBJC_ROOT_CLASS = YES_ERROR;
				CLANG_WARN_QUOTED_INCLUDE_IN_FRAMEWORK_HEADER = YES;
				CLANG_WARN_RANGE_LOOP_ANALYSIS = YES;
				CLANG_WARN_STRICT_PROTOTYPES = YES;
				CLANG_WARN_SUSPICIOUS_MOVE = YES;
				CLANG_WARN_UNGUARDED_AVAILABILITY = YES_AGGRESSIVE;
				CLANG_WARN_UNREACHABLE_CODE = YES;
				CLANG_WARN__DUPLICATE_METHOD_MATCH = YES;
				COPY_PHASE_STRIP = NO;
				DEBUG_INFORMATION_FORMAT = dwarf;
				ENABLE_STRICT_OBJC_MSGSEND = YES;
				ENABLE_TESTABILITY = YES;
				ENABLE_USER_SCRIPT_SANDBOXING = YES;
				GCC_C_LANGUAGE_STANDARD = gnu11;
				GCC_DYNAMIC_NO_PIC = NO;
				GCC_NO_COMMON_BLOCKS = YES;
				GCC_OPTIMIZATION_LEVEL = 0;
				GCC_PREPROCESSOR_DEFINITIONS = (
					"DEBUG=1",
					"$(inherited)",
				);
				GCC_WARN_64_TO_32_BIT_CONVERSION = YES;
				GCC_WARN_ABOUT_RETURN_TYPE = YES_ERROR;
				GCC_WARN_UNDECLARED_SELECTOR = YES;
				GCC_WARN_UNINITIALIZED_AUTOS = YES_AGGRESSIVE;
				GCC_WARN_UNUSED_FUNCTION = YES;
				GCC_WARN_UNUSED_VARIABLE = YES;
				IPHONEOS_DEPLOYMENT_TARGET = 16.4;
				MTL_ENABLE_DEBUG_INFO = INCLUDE_SOURCE;
				MTL_FAST_MATH = YES;
				ONLY_ACTIVE_ARCH = YES;
				SDKROOT = iphoneos;
				SWIFT_ACTIVE_COMPILATION_CONDITIONS = DEBUG;
				SWIFT_OPTIMIZATION_LEVEL = "-Onone";
			};
			name = Debug;
		};
		06CA4B1B2AA8B06F006CA639 /* Release */ = {
			isa = XCBuildConfiguration;
			buildSettings = {
				ALWAYS_SEARCH_USER_PATHS = NO;
				CLANG_ANALYZER_NONNULL = YES;
				CLANG_ANALYZER_NUMBER_OBJECT_CONVERSION = YES_AGGRESSIVE;
				CLANG_CXX_LANGUAGE_STANDARD = "gnu++20";
				CLANG_ENABLE_MODULES = YES;
				CLANG_ENABLE_OBJC_ARC = YES;
				CLANG_ENABLE_OBJC_WEAK = YES;
				CLANG_WARN_BLOCK_CAPTURE_AUTORELEASING = YES;
				CLANG_WARN_BOOL_CONVERSION = YES;
				CLANG_WARN_COMMA = YES;
				CLANG_WARN_CONSTANT_CONVERSION = YES;
				CLANG_WARN_DEPRECATED_OBJC_IMPLEMENTATIONS = YES;
				CLANG_WARN_DIRECT_OBJC_ISA_USAGE = YES_ERROR;
				CLANG_WARN_DOCUMENTATION_COMMENTS = YES;
				CLANG_WARN_EMPTY_BODY = YES;
				CLANG_WARN_ENUM_CONVERSION = YES;
				CLANG_WARN_INFINITE_RECURSION = YES;
				CLANG_WARN_INT_CONVERSION = YES;
				CLANG_WARN_NON_LITERAL_NULL_CONVERSION = YES;
				CLANG_WARN_OBJC_IMPLICIT_RETAIN_SELF = YES;
				CLANG_WARN_OBJC_LITERAL_CONVERSION = YES;
				CLANG_WARN_OBJC_ROOT_CLASS = YES_ERROR;
				CLANG_WARN_QUOTED_INCLUDE_IN_FRAMEWORK_HEADER = YES;
				CLANG_WARN_RANGE_LOOP_ANALYSIS = YES;
				CLANG_WARN_STRICT_PROTOTYPES = YES;
				CLANG_WARN_SUSPICIOUS_MOVE = YES;
				CLANG_WARN_UNGUARDED_AVAILABILITY = YES_AGGRESSIVE;
				CLANG_WARN_UNREACHABLE_CODE = YES;
				CLANG_WARN__DUPLICATE_METHOD_MATCH = YES;
				COPY_PHASE_STRIP = NO;
				DEBUG_INFORMATION_FORMAT = "dwarf-with-dsym";
				ENABLE_NS_ASSERTIONS = NO;
				ENABLE_STRICT_OBJC_MSGSEND = YES;
				ENABLE_USER_SCRIPT_SANDBOXING = YES;
				GCC_C_LANGUAGE_STANDARD = gnu11;
				GCC_NO_COMMON_BLOCKS = YES;
				GCC_WARN_64_TO_32_BIT_CONVERSION = YES;
				GCC_WARN_ABOUT_RETURN_TYPE = YES_ERROR;
				GCC_WARN_UNDECLARED_SELECTOR = YES;
				GCC_WARN_UNINITIALIZED_AUTOS = YES_AGGRESSIVE;
				GCC_WARN_UNUSED_FUNCTION = YES;
				GCC_WARN_UNUSED_VARIABLE = YES;
				IPHONEOS_DEPLOYMENT_TARGET = 16.4;
				MTL_ENABLE_DEBUG_INFO = NO;
				MTL_FAST_MATH = YES;
				SDKROOT = iphoneos;
				SWIFT_COMPILATION_MODE = wholemodule;
				SWIFT_OPTIMIZATION_LEVEL = "-O";
				VALIDATE_PRODUCT = YES;
			};
			name = Release;
		};
		06CA4B1D2AA8B06F006CA639 /* Debug */ = {
			isa = XCBuildConfiguration;
			buildSettings = {
				ASSETCATALOG_COMPILER_APPICON_NAME = AppIcon;
				ASSETCATALOG_COMPILER_GLOBAL_ACCENT_COLOR_NAME = AccentColor;
				CODE_SIGN_STYLE = Automatic;
				CURRENT_PROJECT_VERSION = 1;
				DEVELOPMENT_TEAM = TBSLHJAF4T;
				GENERATE_INFOPLIST_FILE = YES;
				INFOPLIST_FILE = savingtracker/Info.plist;
				INFOPLIST_KEY_UIApplicationSupportsIndirectInputEvents = YES;
				INFOPLIST_KEY_UILaunchStoryboardName = LaunchScreen;
				INFOPLIST_KEY_UIMainStoryboardFile = Main;
				INFOPLIST_KEY_UISupportedInterfaceOrientations_iPad = "UIInterfaceOrientationPortrait UIInterfaceOrientationPortraitUpsideDown UIInterfaceOrientationLandscapeLeft UIInterfaceOrientationLandscapeRight";
				INFOPLIST_KEY_UISupportedInterfaceOrientations_iPhone = "UIInterfaceOrientationPortrait UIInterfaceOrientationLandscapeLeft UIInterfaceOrientationLandscapeRight";
				IPHONEOS_DEPLOYMENT_TARGET = 15.4;
				LD_RUNPATH_SEARCH_PATHS = (
					"$(inherited)",
					"@executable_path/Frameworks",
				);
				MARKETING_VERSION = 1.0;
				PRODUCT_BUNDLE_IDENTIFIER = com.tps.savingtracker;
				PRODUCT_NAME = "$(TARGET_NAME)";
				SWIFT_EMIT_LOC_STRINGS = YES;
				SWIFT_OBJC_BRIDGING_HEADER = savingtracker/Thirdparties/bridge.h;
				SWIFT_VERSION = 5.0;
				TARGETED_DEVICE_FAMILY = "1,2";
			};
			name = Debug;
		};
		06CA4B1E2AA8B06F006CA639 /* Release */ = {
			isa = XCBuildConfiguration;
			buildSettings = {
				ASSETCATALOG_COMPILER_APPICON_NAME = AppIcon;
				ASSETCATALOG_COMPILER_GLOBAL_ACCENT_COLOR_NAME = AccentColor;
				CODE_SIGN_STYLE = Automatic;
				CURRENT_PROJECT_VERSION = 1;
				DEVELOPMENT_TEAM = TBSLHJAF4T;
				GENERATE_INFOPLIST_FILE = YES;
				INFOPLIST_FILE = savingtracker/Info.plist;
				INFOPLIST_KEY_UIApplicationSupportsIndirectInputEvents = YES;
				INFOPLIST_KEY_UILaunchStoryboardName = LaunchScreen;
				INFOPLIST_KEY_UIMainStoryboardFile = Main;
				INFOPLIST_KEY_UISupportedInterfaceOrientations_iPad = "UIInterfaceOrientationPortrait UIInterfaceOrientationPortraitUpsideDown UIInterfaceOrientationLandscapeLeft UIInterfaceOrientationLandscapeRight";
				INFOPLIST_KEY_UISupportedInterfaceOrientations_iPhone = "UIInterfaceOrientationPortrait UIInterfaceOrientationLandscapeLeft UIInterfaceOrientationLandscapeRight";
				IPHONEOS_DEPLOYMENT_TARGET = 15.4;
				LD_RUNPATH_SEARCH_PATHS = (
					"$(inherited)",
					"@executable_path/Frameworks",
				);
				MARKETING_VERSION = 1.0;
				PRODUCT_BUNDLE_IDENTIFIER = com.tps.savingtracker;
				PRODUCT_NAME = "$(TARGET_NAME)";
				SWIFT_EMIT_LOC_STRINGS = YES;
				SWIFT_OBJC_BRIDGING_HEADER = savingtracker/Thirdparties/bridge.h;
				SWIFT_VERSION = 5.0;
				TARGETED_DEVICE_FAMILY = "1,2";
			};
			name = Release;
		};
/* End XCBuildConfiguration section */

/* Begin XCConfigurationList section */
		06CA4B032AA8B06D006CA639 /* Build configuration list for PBXProject "savingtracker" */ = {
			isa = XCConfigurationList;
			buildConfigurations = (
				06CA4B1A2AA8B06F006CA639 /* Debug */,
				06CA4B1B2AA8B06F006CA639 /* Release */,
			);
			defaultConfigurationIsVisible = 0;
			defaultConfigurationName = Release;
		};
		06CA4B1C2AA8B06F006CA639 /* Build configuration list for PBXNativeTarget "savingtracker" */ = {
			isa = XCConfigurationList;
			buildConfigurations = (
				06CA4B1D2AA8B06F006CA639 /* Debug */,
				06CA4B1E2AA8B06F006CA639 /* Release */,
			);
			defaultConfigurationIsVisible = 0;
			defaultConfigurationName = Release;
		};
/* End XCConfigurationList section */
	};
	rootObject = 06CA4B002AA8B06D006CA639 /* Project object */;
}
